
Microsoft Visual Studio Solution File, Format Version 12.00
# Visual Studio Version 16
VisualStudioVersion = 16.0.31727.386
MinimumVisualStudioVersion = 15.0.26124.0
Project("{6EC3EE1D-3C4E-46DD-8F32-0CC8E7565705}") = "Fleece.FSharpData", "src\Fleece.FSharpData\Fleece.FSharpData.fsproj", "{972BE606-278E-4789-B789-044EE68A3EED}"
EndProject
Project("{6EC3EE1D-3C4E-46DD-8F32-0CC8E7565705}") = "Tests.SystemJson", "test\Tests.SystemJson\Tests.SystemJson.fsproj", "{20FDBC9C-1D0C-441A-9A8A-64D16158DBAD}"
EndProject
Project("{6EC3EE1D-3C4E-46DD-8F32-0CC8E7565705}") = "Tests.FSharpData", "test\Tests.FSharpData\Tests.FSharpData.fsproj", "{FE7182BB-793C-491B-9F41-73919FC990DA}"
EndProject
Project("{6EC3EE1D-3C4E-46DD-8F32-0CC8E7565705}") = "Fleece.NewtonsoftJson", "src\Fleece.NewtonsoftJson\Fleece.NewtonsoftJson.fsproj", "{739A5738-C3EF-43AB-BF4B-32BA27D748F8}"
EndProject
Project("{6EC3EE1D-3C4E-46DD-8F32-0CC8E7565705}") = "Tests.NewtonsoftJson", "test\Tests.NewtonsoftJson\Tests.NewtonsoftJson.fsproj", "{2EC2C684-1C70-4D7C-9CA4-9CF0531FC100}"
EndProject
Project("{6EC3EE1D-3C4E-46DD-8F32-0CC8E7565705}") = "IntegrationCompilationTests", "test\IntegrationCompilationTests\IntegrationCompilationTests.fsproj", "{39FA79C4-DD47-47FE-8D50-9C4E9B66DEB8}"
EndProject
Project("{6EC3EE1D-3C4E-46DD-8F32-0CC8E7565705}") = "Fleece.SystemJson", "src\Fleece.SystemJson\Fleece.SystemJson.fsproj", "{632614D7-05B6-4023-9D24-C1C084DB0233}"
EndProject
Project("{2150E333-8FDC-42A3-9474-1A3956D46DE8}") = "docsrc", "docsrc", "{4FCC9202-EFE7-4969-92CD-9FD9DA8C5A54}"
EndProject
Project("{6EC3EE1D-3C4E-46DD-8F32-0CC8E7565705}") = "docsTool", "docsrc\tool\docsTool.fsproj", "{5516C542-3865-44F1-AB9F-3703ADA61E63}"
EndProject
Project("{6EC3EE1D-3C4E-46DD-8F32-0CC8E7565705}") = "docs", "docsrc\docs\docs.fsproj", "{FFEB1FB1-B9CE-41D7-BE00-B39A1DB809D6}"
EndProject
Project("{6EC3EE1D-3C4E-46DD-8F32-0CC8E7565705}") = "Benchmarks", "Benchmarks\Benchmarks.fsproj", "{4C177C9C-48C4-4592-BD52-5A14980763EE}"
EndProject
Project("{6EC3EE1D-3C4E-46DD-8F32-0CC8E7565705}") = "Fleece.SystemTextJson", "src\Fleece.SystemTextJson\Fleece.SystemTextJson.fsproj", "{30D506A7-21D9-4E4D-A4E9-2D77D0F16047}"
EndProject
Project("{6EC3EE1D-3C4E-46DD-8F32-0CC8E7565705}") = "Tests.SystemTextJson", "test\Tests.SystemTextJson\Tests.SystemTextJson.fsproj", "{0998A221-9056-49FF-82CF-B18F576E6E5C}"
EndProject
Project("{F2A71F9B-5D33-465A-A702-920D77279786}") = "Fleece", "src\Fleece\Fleece.fsproj", "{41090B14-2BE9-481A-BEA6-062BE33F4822}"
EndProject
Global
	GlobalSection(SolutionConfigurationPlatforms) = preSolution
		Debug|Any CPU = Debug|Any CPU
		Debug|x64 = Debug|x64
		Debug|x86 = Debug|x86
		Release|Any CPU = Release|Any CPU
		Release|x64 = Release|x64
		Release|x86 = Release|x86
	EndGlobalSection
	GlobalSection(ProjectConfigurationPlatforms) = postSolution
		{972BE606-278E-4789-B789-044EE68A3EED}.Debug|Any CPU.ActiveCfg = Debug|Any CPU
		{972BE606-278E-4789-B789-044EE68A3EED}.Debug|Any CPU.Build.0 = Debug|Any CPU
		{972BE606-278E-4789-B789-044EE68A3EED}.Debug|x64.ActiveCfg = Debug|Any CPU
		{972BE606-278E-4789-B789-044EE68A3EED}.Debug|x64.Build.0 = Debug|Any CPU
		{972BE606-278E-4789-B789-044EE68A3EED}.Debug|x86.ActiveCfg = Debug|Any CPU
		{972BE606-278E-4789-B789-044EE68A3EED}.Debug|x86.Build.0 = Debug|Any CPU
		{972BE606-278E-4789-B789-044EE68A3EED}.Release|Any CPU.ActiveCfg = Release|Any CPU
		{972BE606-278E-4789-B789-044EE68A3EED}.Release|Any CPU.Build.0 = Release|Any CPU
		{972BE606-278E-4789-B789-044EE68A3EED}.Release|x64.ActiveCfg = Release|Any CPU
		{972BE606-278E-4789-B789-044EE68A3EED}.Release|x64.Build.0 = Release|Any CPU
		{972BE606-278E-4789-B789-044EE68A3EED}.Release|x86.ActiveCfg = Release|Any CPU
		{972BE606-278E-4789-B789-044EE68A3EED}.Release|x86.Build.0 = Release|Any CPU
		{20FDBC9C-1D0C-441A-9A8A-64D16158DBAD}.Debug|Any CPU.ActiveCfg = Debug|Any CPU
		{20FDBC9C-1D0C-441A-9A8A-64D16158DBAD}.Debug|Any CPU.Build.0 = Debug|Any CPU
		{20FDBC9C-1D0C-441A-9A8A-64D16158DBAD}.Debug|x64.ActiveCfg = Debug|Any CPU
		{20FDBC9C-1D0C-441A-9A8A-64D16158DBAD}.Debug|x64.Build.0 = Debug|Any CPU
		{20FDBC9C-1D0C-441A-9A8A-64D16158DBAD}.Debug|x86.ActiveCfg = Debug|Any CPU
		{20FDBC9C-1D0C-441A-9A8A-64D16158DBAD}.Debug|x86.Build.0 = Debug|Any CPU
		{20FDBC9C-1D0C-441A-9A8A-64D16158DBAD}.Release|Any CPU.ActiveCfg = Release|Any CPU
		{20FDBC9C-1D0C-441A-9A8A-64D16158DBAD}.Release|Any CPU.Build.0 = Release|Any CPU
		{20FDBC9C-1D0C-441A-9A8A-64D16158DBAD}.Release|x64.ActiveCfg = Release|Any CPU
		{20FDBC9C-1D0C-441A-9A8A-64D16158DBAD}.Release|x64.Build.0 = Release|Any CPU
		{20FDBC9C-1D0C-441A-9A8A-64D16158DBAD}.Release|x86.ActiveCfg = Release|Any CPU
		{20FDBC9C-1D0C-441A-9A8A-64D16158DBAD}.Release|x86.Build.0 = Release|Any CPU
		{FE7182BB-793C-491B-9F41-73919FC990DA}.Debug|Any CPU.ActiveCfg = Debug|Any CPU
		{FE7182BB-793C-491B-9F41-73919FC990DA}.Debug|Any CPU.Build.0 = Debug|Any CPU
		{FE7182BB-793C-491B-9F41-73919FC990DA}.Debug|x64.ActiveCfg = Debug|Any CPU
		{FE7182BB-793C-491B-9F41-73919FC990DA}.Debug|x64.Build.0 = Debug|Any CPU
		{FE7182BB-793C-491B-9F41-73919FC990DA}.Debug|x86.ActiveCfg = Debug|Any CPU
		{FE7182BB-793C-491B-9F41-73919FC990DA}.Debug|x86.Build.0 = Debug|Any CPU
		{FE7182BB-793C-491B-9F41-73919FC990DA}.Release|Any CPU.ActiveCfg = Release|Any CPU
		{FE7182BB-793C-491B-9F41-73919FC990DA}.Release|Any CPU.Build.0 = Release|Any CPU
		{FE7182BB-793C-491B-9F41-73919FC990DA}.Release|x64.ActiveCfg = Release|Any CPU
		{FE7182BB-793C-491B-9F41-73919FC990DA}.Release|x64.Build.0 = Release|Any CPU
		{FE7182BB-793C-491B-9F41-73919FC990DA}.Release|x86.ActiveCfg = Release|Any CPU
		{FE7182BB-793C-491B-9F41-73919FC990DA}.Release|x86.Build.0 = Release|Any CPU
		{739A5738-C3EF-43AB-BF4B-32BA27D748F8}.Debug|Any CPU.ActiveCfg = Debug|Any CPU
		{739A5738-C3EF-43AB-BF4B-32BA27D748F8}.Debug|Any CPU.Build.0 = Debug|Any CPU
		{739A5738-C3EF-43AB-BF4B-32BA27D748F8}.Debug|x64.ActiveCfg = Debug|Any CPU
		{739A5738-C3EF-43AB-BF4B-32BA27D748F8}.Debug|x64.Build.0 = Debug|Any CPU
		{739A5738-C3EF-43AB-BF4B-32BA27D748F8}.Debug|x86.ActiveCfg = Debug|Any CPU
		{739A5738-C3EF-43AB-BF4B-32BA27D748F8}.Debug|x86.Build.0 = Debug|Any CPU
		{739A5738-C3EF-43AB-BF4B-32BA27D748F8}.Release|Any CPU.ActiveCfg = Release|Any CPU
		{739A5738-C3EF-43AB-BF4B-32BA27D748F8}.Release|Any CPU.Build.0 = Release|Any CPU
		{739A5738-C3EF-43AB-BF4B-32BA27D748F8}.Release|x64.ActiveCfg = Release|Any CPU
		{739A5738-C3EF-43AB-BF4B-32BA27D748F8}.Release|x64.Build.0 = Release|Any CPU
		{739A5738-C3EF-43AB-BF4B-32BA27D748F8}.Release|x86.ActiveCfg = Release|Any CPU
		{739A5738-C3EF-43AB-BF4B-32BA27D748F8}.Release|x86.Build.0 = Release|Any CPU
		{2EC2C684-1C70-4D7C-9CA4-9CF0531FC100}.Debug|Any CPU.ActiveCfg = Debug|Any CPU
		{2EC2C684-1C70-4D7C-9CA4-9CF0531FC100}.Debug|Any CPU.Build.0 = Debug|Any CPU
		{2EC2C684-1C70-4D7C-9CA4-9CF0531FC100}.Debug|x64.ActiveCfg = Debug|Any CPU
		{2EC2C684-1C70-4D7C-9CA4-9CF0531FC100}.Debug|x64.Build.0 = Debug|Any CPU
		{2EC2C684-1C70-4D7C-9CA4-9CF0531FC100}.Debug|x86.ActiveCfg = Debug|Any CPU
		{2EC2C684-1C70-4D7C-9CA4-9CF0531FC100}.Debug|x86.Build.0 = Debug|Any CPU
		{2EC2C684-1C70-4D7C-9CA4-9CF0531FC100}.Release|Any CPU.ActiveCfg = Release|Any CPU
		{2EC2C684-1C70-4D7C-9CA4-9CF0531FC100}.Release|Any CPU.Build.0 = Release|Any CPU
		{2EC2C684-1C70-4D7C-9CA4-9CF0531FC100}.Release|x64.ActiveCfg = Release|Any CPU
		{2EC2C684-1C70-4D7C-9CA4-9CF0531FC100}.Release|x64.Build.0 = Release|Any CPU
		{2EC2C684-1C70-4D7C-9CA4-9CF0531FC100}.Release|x86.ActiveCfg = Release|Any CPU
		{2EC2C684-1C70-4D7C-9CA4-9CF0531FC100}.Release|x86.Build.0 = Release|Any CPU
		{39FA79C4-DD47-47FE-8D50-9C4E9B66DEB8}.Debug|Any CPU.ActiveCfg = Debug|Any CPU
		{39FA79C4-DD47-47FE-8D50-9C4E9B66DEB8}.Debug|Any CPU.Build.0 = Debug|Any CPU
		{39FA79C4-DD47-47FE-8D50-9C4E9B66DEB8}.Debug|x64.ActiveCfg = Debug|Any CPU
		{39FA79C4-DD47-47FE-8D50-9C4E9B66DEB8}.Debug|x64.Build.0 = Debug|Any CPU
		{39FA79C4-DD47-47FE-8D50-9C4E9B66DEB8}.Debug|x86.ActiveCfg = Debug|Any CPU
		{39FA79C4-DD47-47FE-8D50-9C4E9B66DEB8}.Debug|x86.Build.0 = Debug|Any CPU
		{39FA79C4-DD47-47FE-8D50-9C4E9B66DEB8}.Release|Any CPU.ActiveCfg = Release|Any CPU
		{39FA79C4-DD47-47FE-8D50-9C4E9B66DEB8}.Release|Any CPU.Build.0 = Release|Any CPU
		{39FA79C4-DD47-47FE-8D50-9C4E9B66DEB8}.Release|x64.ActiveCfg = Release|Any CPU
		{39FA79C4-DD47-47FE-8D50-9C4E9B66DEB8}.Release|x64.Build.0 = Release|Any CPU
		{39FA79C4-DD47-47FE-8D50-9C4E9B66DEB8}.Release|x86.ActiveCfg = Release|Any CPU
		{39FA79C4-DD47-47FE-8D50-9C4E9B66DEB8}.Release|x86.Build.0 = Release|Any CPU
		{632614D7-05B6-4023-9D24-C1C084DB0233}.Debug|Any CPU.ActiveCfg = Debug|Any CPU
		{632614D7-05B6-4023-9D24-C1C084DB0233}.Debug|Any CPU.Build.0 = Debug|Any CPU
		{632614D7-05B6-4023-9D24-C1C084DB0233}.Debug|x64.ActiveCfg = Debug|Any CPU
		{632614D7-05B6-4023-9D24-C1C084DB0233}.Debug|x64.Build.0 = Debug|Any CPU
		{632614D7-05B6-4023-9D24-C1C084DB0233}.Debug|x86.ActiveCfg = Debug|Any CPU
		{632614D7-05B6-4023-9D24-C1C084DB0233}.Debug|x86.Build.0 = Debug|Any CPU
		{632614D7-05B6-4023-9D24-C1C084DB0233}.Release|Any CPU.ActiveCfg = Release|Any CPU
		{632614D7-05B6-4023-9D24-C1C084DB0233}.Release|Any CPU.Build.0 = Release|Any CPU
		{632614D7-05B6-4023-9D24-C1C084DB0233}.Release|x64.ActiveCfg = Release|Any CPU
		{632614D7-05B6-4023-9D24-C1C084DB0233}.Release|x64.Build.0 = Release|Any CPU
		{632614D7-05B6-4023-9D24-C1C084DB0233}.Release|x86.ActiveCfg = Release|Any CPU
		{632614D7-05B6-4023-9D24-C1C084DB0233}.Release|x86.Build.0 = Release|Any CPU
		{5516C542-3865-44F1-AB9F-3703ADA61E63}.Debug|Any CPU.ActiveCfg = Debug|Any CPU
		{5516C542-3865-44F1-AB9F-3703ADA61E63}.Debug|Any CPU.Build.0 = Debug|Any CPU
		{5516C542-3865-44F1-AB9F-3703ADA61E63}.Debug|x64.ActiveCfg = Debug|Any CPU
		{5516C542-3865-44F1-AB9F-3703ADA61E63}.Debug|x64.Build.0 = Debug|Any CPU
		{5516C542-3865-44F1-AB9F-3703ADA61E63}.Debug|x86.ActiveCfg = Debug|Any CPU
		{5516C542-3865-44F1-AB9F-3703ADA61E63}.Debug|x86.Build.0 = Debug|Any CPU
		{5516C542-3865-44F1-AB9F-3703ADA61E63}.Release|Any CPU.ActiveCfg = Release|Any CPU
		{5516C542-3865-44F1-AB9F-3703ADA61E63}.Release|x64.ActiveCfg = Release|Any CPU
		{5516C542-3865-44F1-AB9F-3703ADA61E63}.Release|x86.ActiveCfg = Release|Any CPU
		{FFEB1FB1-B9CE-41D7-BE00-B39A1DB809D6}.Debug|Any CPU.ActiveCfg = Debug|Any CPU
		{FFEB1FB1-B9CE-41D7-BE00-B39A1DB809D6}.Debug|Any CPU.Build.0 = Debug|Any CPU
		{FFEB1FB1-B9CE-41D7-BE00-B39A1DB809D6}.Debug|x64.ActiveCfg = Debug|Any CPU
		{FFEB1FB1-B9CE-41D7-BE00-B39A1DB809D6}.Debug|x64.Build.0 = Debug|Any CPU
		{FFEB1FB1-B9CE-41D7-BE00-B39A1DB809D6}.Debug|x86.ActiveCfg = Debug|Any CPU
		{FFEB1FB1-B9CE-41D7-BE00-B39A1DB809D6}.Debug|x86.Build.0 = Debug|Any CPU
		{FFEB1FB1-B9CE-41D7-BE00-B39A1DB809D6}.Release|Any CPU.ActiveCfg = Release|Any CPU
		{FFEB1FB1-B9CE-41D7-BE00-B39A1DB809D6}.Release|x64.ActiveCfg = Release|Any CPU
		{FFEB1FB1-B9CE-41D7-BE00-B39A1DB809D6}.Release|x86.ActiveCfg = Release|Any CPU
		{4C177C9C-48C4-4592-BD52-5A14980763EE}.Debug|Any CPU.ActiveCfg = Debug|Any CPU
		{4C177C9C-48C4-4592-BD52-5A14980763EE}.Debug|Any CPU.Build.0 = Debug|Any CPU
		{4C177C9C-48C4-4592-BD52-5A14980763EE}.Debug|x64.ActiveCfg = Debug|Any CPU
		{4C177C9C-48C4-4592-BD52-5A14980763EE}.Debug|x64.Build.0 = Debug|Any CPU
		{4C177C9C-48C4-4592-BD52-5A14980763EE}.Debug|x86.ActiveCfg = Debug|Any CPU
		{4C177C9C-48C4-4592-BD52-5A14980763EE}.Debug|x86.Build.0 = Debug|Any CPU
		{4C177C9C-48C4-4592-BD52-5A14980763EE}.Release|Any CPU.ActiveCfg = Release|Any CPU
		{4C177C9C-48C4-4592-BD52-5A14980763EE}.Release|Any CPU.Build.0 = Release|Any CPU
		{4C177C9C-48C4-4592-BD52-5A14980763EE}.Release|x64.ActiveCfg = Release|Any CPU
		{4C177C9C-48C4-4592-BD52-5A14980763EE}.Release|x64.Build.0 = Release|Any CPU
		{4C177C9C-48C4-4592-BD52-5A14980763EE}.Release|x86.ActiveCfg = Release|Any CPU
		{4C177C9C-48C4-4592-BD52-5A14980763EE}.Release|x86.Build.0 = Release|Any CPU
		{30D506A7-21D9-4E4D-A4E9-2D77D0F16047}.Debug|Any CPU.ActiveCfg = Debug|Any CPU
		{30D506A7-21D9-4E4D-A4E9-2D77D0F16047}.Debug|Any CPU.Build.0 = Debug|Any CPU
		{30D506A7-21D9-4E4D-A4E9-2D77D0F16047}.Debug|x64.ActiveCfg = Debug|Any CPU
		{30D506A7-21D9-4E4D-A4E9-2D77D0F16047}.Debug|x64.Build.0 = Debug|Any CPU
		{30D506A7-21D9-4E4D-A4E9-2D77D0F16047}.Debug|x86.ActiveCfg = Debug|Any CPU
		{30D506A7-21D9-4E4D-A4E9-2D77D0F16047}.Debug|x86.Build.0 = Debug|Any CPU
		{30D506A7-21D9-4E4D-A4E9-2D77D0F16047}.Release|Any CPU.ActiveCfg = Release|Any CPU
		{30D506A7-21D9-4E4D-A4E9-2D77D0F16047}.Release|Any CPU.Build.0 = Release|Any CPU
		{30D506A7-21D9-4E4D-A4E9-2D77D0F16047}.Release|x64.ActiveCfg = Release|Any CPU
		{30D506A7-21D9-4E4D-A4E9-2D77D0F16047}.Release|x64.Build.0 = Release|Any CPU
		{30D506A7-21D9-4E4D-A4E9-2D77D0F16047}.Release|x86.ActiveCfg = Release|Any CPU
		{30D506A7-21D9-4E4D-A4E9-2D77D0F16047}.Release|x86.Build.0 = Release|Any CPU
		{0998A221-9056-49FF-82CF-B18F576E6E5C}.Debug|Any CPU.ActiveCfg = Debug|Any CPU
		{0998A221-9056-49FF-82CF-B18F576E6E5C}.Debug|Any CPU.Build.0 = Debug|Any CPU
		{0998A221-9056-49FF-82CF-B18F576E6E5C}.Debug|x64.ActiveCfg = Debug|Any CPU
		{0998A221-9056-49FF-82CF-B18F576E6E5C}.Debug|x64.Build.0 = Debug|Any CPU
		{0998A221-9056-49FF-82CF-B18F576E6E5C}.Debug|x86.ActiveCfg = Debug|Any CPU
		{0998A221-9056-49FF-82CF-B18F576E6E5C}.Debug|x86.Build.0 = Debug|Any CPU
		{0998A221-9056-49FF-82CF-B18F576E6E5C}.Release|Any CPU.ActiveCfg = Release|Any CPU
		{0998A221-9056-49FF-82CF-B18F576E6E5C}.Release|Any CPU.Build.0 = Release|Any CPU
		{0998A221-9056-49FF-82CF-B18F576E6E5C}.Release|x64.ActiveCfg = Release|Any CPU
		{0998A221-9056-49FF-82CF-B18F576E6E5C}.Release|x64.Build.0 = Release|Any CPU
		{0998A221-9056-49FF-82CF-B18F576E6E5C}.Release|x86.ActiveCfg = Release|Any CPU
		{0998A221-9056-49FF-82CF-B18F576E6E5C}.Release|x86.Build.0 = Release|Any CPU
		{41090B14-2BE9-481A-BEA6-062BE33F4822}.Debug|Any CPU.ActiveCfg = Debug|Any CPU
		{41090B14-2BE9-481A-BEA6-062BE33F4822}.Debug|Any CPU.Build.0 = Debug|Any CPU
		{41090B14-2BE9-481A-BEA6-062BE33F4822}.Debug|x64.ActiveCfg = Debug|Any CPU
		{41090B14-2BE9-481A-BEA6-062BE33F4822}.Debug|x64.Build.0 = Debug|Any CPU
		{41090B14-2BE9-481A-BEA6-062BE33F4822}.Debug|x86.ActiveCfg = Debug|Any CPU
		{41090B14-2BE9-481A-BEA6-062BE33F4822}.Debug|x86.Build.0 = Debug|Any CPU
		{41090B14-2BE9-481A-BEA6-062BE33F4822}.Release|Any CPU.ActiveCfg = Release|Any CPU
		{41090B14-2BE9-481A-BEA6-062BE33F4822}.Release|Any CPU.Build.0 = Release|Any CPU
		{41090B14-2BE9-481A-BEA6-062BE33F4822}.Release|x64.ActiveCfg = Release|Any CPU
		{41090B14-2BE9-481A-BEA6-062BE33F4822}.Release|x64.Build.0 = Release|Any CPU
		{41090B14-2BE9-481A-BEA6-062BE33F4822}.Release|x86.ActiveCfg = Release|Any CPU
		{41090B14-2BE9-481A-BEA6-062BE33F4822}.Release|x86.Build.0 = Release|Any CPU
	EndGlobalSection
	GlobalSection(SolutionProperties) = preSolution
		HideSolutionNode = FALSE
	EndGlobalSection
	GlobalSection(NestedProjects) = preSolution
		{5516C542-3865-44F1-AB9F-3703ADA61E63} = {4FCC9202-EFE7-4969-92CD-9FD9DA8C5A54}
		{FFEB1FB1-B9CE-41D7-BE00-B39A1DB809D6} = {4FCC9202-EFE7-4969-92CD-9FD9DA8C5A54}
	EndGlobalSection
	GlobalSection(ExtensibilityGlobals) = postSolution
		SolutionGuid = {7BFF4CAC-2021-49A7-A987-597287D8F9B1}
	EndGlobalSection
EndGlobal
