
Microsoft Visual Studio Solution File, Format Version 12.00
# Visual Studio 2012
Project("{F2A71F9B-5D33-465A-A702-920D77279786}") = "Fleece", "Fleece\Fleece.fsproj", "{4EACC663-044C-49AE-946B-A966F57708CB}"
EndProject
Project("{2150E333-8FDC-42A3-9474-1A3956D46DE8}") = ".nuget", ".nuget", "{9C86D043-50B4-4D24-8A45-CFE28BAB209E}"
	ProjectSection(SolutionItems) = preProject
		.nuget\NuGet.Config = .nuget\NuGet.Config
		.nuget\NuGet.exe = .nuget\NuGet.exe
		.nuget\NuGet.targets = .nuget\NuGet.targets
	EndProjectSection
EndProject
Project("{F2A71F9B-5D33-465A-A702-920D77279786}") = "Tests", "Tests\Tests.fsproj", "{971D0407-903E-445B-8DC4-55177DB30367}"
EndProject
Global
	GlobalSection(SolutionConfigurationPlatforms) = preSolution
		Debug|Any CPU = Debug|Any CPU
		Release|Any CPU = Release|Any CPU
	EndGlobalSection
	GlobalSection(ProjectConfigurationPlatforms) = postSolution
		{4EACC663-044C-49AE-946B-A966F57708CB}.Debug|Any CPU.ActiveCfg = Debug|Any CPU
		{4EACC663-044C-49AE-946B-A966F57708CB}.Debug|Any CPU.Build.0 = Debug|Any CPU
		{4EACC663-044C-49AE-946B-A966F57708CB}.Release|Any CPU.ActiveCfg = Release|Any CPU
		{4EACC663-044C-49AE-946B-A966F57708CB}.Release|Any CPU.Build.0 = Release|Any CPU
		{971D0407-903E-445B-8DC4-55177DB30367}.Debug|Any CPU.ActiveCfg = Debug|Any CPU
		{971D0407-903E-445B-8DC4-55177DB30367}.Debug|Any CPU.Build.0 = Debug|Any CPU
		{971D0407-903E-445B-8DC4-55177DB30367}.Release|Any CPU.ActiveCfg = Release|Any CPU
		{971D0407-903E-445B-8DC4-55177DB30367}.Release|Any CPU.Build.0 = Release|Any CPU
	EndGlobalSection
	GlobalSection(SolutionProperties) = preSolution
		HideSolutionNode = FALSE
	EndGlobalSection
EndGlobal
